<?xml version="1.0" encoding="utf-8"?>
<Project ToolsVersion="4.0" xmlns="http://schemas.microsoft.com/developer/msbuild/2003">
  <ItemGroup>
    <ClCompile Include="cuShyll.cpp" />
    <ClCompile Include="Tokenizer.cpp" />
    <ClCompile Include="Parser.cpp" />
    <ClCompile Include="Converter.cpp" />
  </ItemGroup>
  <ItemGroup>
    <ClInclude Include="pch.h" />
    <ClInclude Include="Tokenizer.h" />
    <ClInclude Include="Repr.h" />
    <ClInclude Include="Parser.h" />
    <ClInclude Include="Converter.h" />
  </ItemGroup>
</Project>